
Microsoft Visual Studio Solution File, Format Version 12.00
# Visual Studio Version 16
VisualStudioVersion = 16.0.30204.135
MinimumVisualStudioVersion = 10.0.40219.1
Project("{9A19103F-16F7-4668-BE54-9A1E7A4F7556}") = "LearningCSharp", "LearningCSharp\LearningCSharp.csproj", "{38D5D7BB-273D-418E-A7B7-58C87CCA5FE2}"
EndProject
Project("{2150E333-8FDC-42A3-9474-1A3956D46DE8}") = "Solution Items", "Solution Items", "{9DFF1AF2-86CE-468C-B38C-1A1A2B7B1ADB}"
	ProjectSection(SolutionItems) = preProject
		Assignment1.txt = Assignment1.txt
		Shortcuts.txt = Shortcuts.txt
	EndProjectSection
EndProject
Global
	GlobalSection(SolutionConfigurationPlatforms) = preSolution
		Debug|Any CPU = Debug|Any CPU
		Release|Any CPU = Release|Any CPU
	EndGlobalSection
	GlobalSection(ProjectConfigurationPlatforms) = postSolution
		{38D5D7BB-273D-418E-A7B7-58C87CCA5FE2}.Debug|Any CPU.ActiveCfg = Debug|Any CPU
		{38D5D7BB-273D-418E-A7B7-58C87CCA5FE2}.Debug|Any CPU.Build.0 = Debug|Any CPU
		{38D5D7BB-273D-418E-A7B7-58C87CCA5FE2}.Release|Any CPU.ActiveCfg = Release|Any CPU
		{38D5D7BB-273D-418E-A7B7-58C87CCA5FE2}.Release|Any CPU.Build.0 = Release|Any CPU
	EndGlobalSection
	GlobalSection(SolutionProperties) = preSolution
		HideSolutionNode = FALSE
	EndGlobalSection
	GlobalSection(ExtensibilityGlobals) = postSolution
		SolutionGuid = {68904B1A-1F03-4CD6-BCF1-E71B1480AE60}
	EndGlobalSection
EndGlobal
